// !$*UTF8*$!
{
	archiveVersion = 1;
	classes = {
	};
	objectVersion = 46;
	objects = {

/* Begin PBXBuildFile section */
		21E858141D19ABC700EEAABF /* AppDelegate.swift in Sources */ = {isa = PBXBuildFile; fileRef = 21E858131D19ABC700EEAABF /* AppDelegate.swift */; };
		21E858161D19ABC700EEAABF /* ViewController.swift in Sources */ = {isa = PBXBuildFile; fileRef = 21E858151D19ABC700EEAABF /* ViewController.swift */; };
		21E858191D19ABC700EEAABF /* Main.storyboard in Resources */ = {isa = PBXBuildFile; fileRef = 21E858171D19ABC700EEAABF /* Main.storyboard */; };
		21E8581B1D19ABC700EEAABF /* Assets.xcassets in Resources */ = {isa = PBXBuildFile; fileRef = 21E8581A1D19ABC700EEAABF /* Assets.xcassets */; };
		21E8581E1D19ABC700EEAABF /* LaunchScreen.storyboard in Resources */ = {isa = PBXBuildFile; fileRef = 21E8581C1D19ABC700EEAABF /* LaunchScreen.storyboard */; };
		21E858291D19ABC700EEAABF /* ParseChatTests.swift in Sources */ = {isa = PBXBuildFile; fileRef = 21E858281D19ABC700EEAABF /* ParseChatTests.swift */; };
		21E858341D19ABC700EEAABF /* ParseChatUITests.swift in Sources */ = {isa = PBXBuildFile; fileRef = 21E858331D19ABC700EEAABF /* ParseChatUITests.swift */; };
/* End PBXBuildFile section */

/* Begin PBXContainerItemProxy section */
		21E858251D19ABC700EEAABF /* PBXContainerItemProxy */ = {
			isa = PBXContainerItemProxy;
			containerPortal = 21E858081D19ABC700EEAABF /* Project object */;
			proxyType = 1;
			remoteGlobalIDString = 21E8580F1D19ABC700EEAABF;
			remoteInfo = ParseChat;
		};
		21E858301D19ABC700EEAABF /* PBXContainerItemProxy */ = {
			isa = PBXContainerItemProxy;
			containerPortal = 21E858081D19ABC700EEAABF /* Project object */;
			proxyType = 1;
			remoteGlobalIDString = 21E8580F1D19ABC700EEAABF;
			remoteInfo = ParseChat;
		};
/* End PBXContainerItemProxy section */

/* Begin PBXFileReference section */
		21E858101D19ABC700EEAABF /* ParseChat.app */ = {isa = PBXFileReference; explicitFileType = wrapper.application; includeInIndex = 0; path = ParseChat.app; sourceTree = BUILT_PRODUCTS_DIR; };
		21E858131D19ABC700EEAABF /* AppDelegate.swift */ = {isa = PBXFileReference; lastKnownFileType = sourcecode.swift; path = AppDelegate.swift; sourceTree = "<group>"; };
		21E858151D19ABC700EEAABF /* ViewController.swift */ = {isa = PBXFileReference; lastKnownFileType = sourcecode.swift; path = ViewController.swift; sourceTree = "<group>"; };
		21E858181D19ABC700EEAABF /* Base */ = {isa = PBXFileReference; lastKnownFileType = file.storyboard; name = Base; path = Base.lproj/Main.storyboard; sourceTree = "<group>"; };
		21E8581A1D19ABC700EEAABF /* Assets.xcassets */ = {isa = PBXFileReference; lastKnownFileType = folder.assetcatalog; path = Assets.xcassets; sourceTree = "<group>"; };
		21E8581D1D19ABC700EEAABF /* Base */ = {isa = PBXFileReference; lastKnownFileType = file.storyboard; name = Base; path = Base.lproj/LaunchScreen.storyboard; sourceTree = "<group>"; };
		21E8581F1D19ABC700EEAABF /* Info.plist */ = {isa = PBXFileReference; lastKnownFileType = text.plist.xml; path = Info.plist; sourceTree = "<group>"; };
		21E858241D19ABC700EEAABF /* ParseChatTests.xctest */ = {isa = PBXFileReference; explicitFileType = wrapper.cfbundle; includeInIndex = 0; path = ParseChatTests.xctest; sourceTree = BUILT_PRODUCTS_DIR; };
		21E858281D19ABC700EEAABF /* ParseChatTests.swift */ = {isa = PBXFileReference; lastKnownFileType = sourcecode.swift; path = ParseChatTests.swift; sourceTree = "<group>"; };
		21E8582A1D19ABC700EEAABF /* Info.plist */ = {isa = PBXFileReference; lastKnownFileType = text.plist.xml; path = Info.plist; sourceTree = "<group>"; };
		21E8582F1D19ABC700EEAABF /* ParseChatUITests.xctest */ = {isa = PBXFileReference; explicitFileType = wrapper.cfbundle; includeInIndex = 0; path = ParseChatUITests.xctest; sourceTree = BUILT_PRODUCTS_DIR; };
		21E858331D19ABC700EEAABF /* ParseChatUITests.swift */ = {isa = PBXFileReference; lastKnownFileType = sourcecode.swift; path = ParseChatUITests.swift; sourceTree = "<group>"; };
		21E858351D19ABC700EEAABF /* Info.plist */ = {isa = PBXFileReference; lastKnownFileType = text.plist.xml; path = Info.plist; sourceTree = "<group>"; };
/* End PBXFileReference section */

/* Begin PBXFrameworksBuildPhase section */
		21E8580D1D19ABC700EEAABF /* Frameworks */ = {
			isa = PBXFrameworksBuildPhase;
			buildActionMask = 2147483647;
			files = (
			);
			runOnlyForDeploymentPostprocessing = 0;
		};
		21E858211D19ABC700EEAABF /* Frameworks */ = {
			isa = PBXFrameworksBuildPhase;
			buildActionMask = 2147483647;
			files = (
			);
			runOnlyForDeploymentPostprocessing = 0;
		};
		21E8582C1D19ABC700EEAABF /* Frameworks */ = {
			isa = PBXFrameworksBuildPhase;
			buildActionMask = 2147483647;
			files = (
			);
			runOnlyForDeploymentPostprocessing = 0;
		};
/* End PBXFrameworksBuildPhase section */

/* Begin PBXGroup section */
		21E858071D19ABC700EEAABF = {
			isa = PBXGroup;
			children = (
				21E858121D19ABC700EEAABF /* ParseChat */,
				21E858271D19ABC700EEAABF /* ParseChatTests */,
				21E858321D19ABC700EEAABF /* ParseChatUITests */,
				21E858111D19ABC700EEAABF /* Products */,
			);
			sourceTree = "<group>";
		};
		21E858111D19ABC700EEAABF /* Products */ = {
			isa = PBXGroup;
			children = (
				21E858101D19ABC700EEAABF /* ParseChat.app */,
				21E858241D19ABC700EEAABF /* ParseChatTests.xctest */,
				21E8582F1D19ABC700EEAABF /* ParseChatUITests.xctest */,
			);
			name = Products;
			sourceTree = "<group>";
		};
		21E858121D19ABC700EEAABF /* ParseChat */ = {
			isa = PBXGroup;
			children = (
				21E858131D19ABC700EEAABF /* AppDelegate.swift */,
				21E858151D19ABC700EEAABF /* ViewController.swift */,
				21E858171D19ABC700EEAABF /* Main.storyboard */,
				21E8581A1D19ABC700EEAABF /* Assets.xcassets */,
				21E8581C1D19ABC700EEAABF /* LaunchScreen.storyboard */,
				21E8581F1D19ABC700EEAABF /* Info.plist */,
			);
			path = ParseChat;
			sourceTree = "<group>";
		};
		21E858271D19ABC700EEAABF /* ParseChatTests */ = {
			isa = PBXGroup;
			children = (
				21E858281D19ABC700EEAABF /* ParseChatTests.swift */,
				21E8582A1D19ABC700EEAABF /* Info.plist */,
			);
			path = ParseChatTests;
			sourceTree = "<group>";
		};
		21E858321D19ABC700EEAABF /* ParseChatUITests */ = {
			isa = PBXGroup;
			children = (
				21E858331D19ABC700EEAABF /* ParseChatUITests.swift */,
				21E858351D19ABC700EEAABF /* Info.plist */,
			);
			path = ParseChatUITests;
			sourceTree = "<group>";
		};
/* End PBXGroup section */

/* Begin PBXNativeTarget section */
		21E8580F1D19ABC700EEAABF /* ParseChat */ = {
			isa = PBXNativeTarget;
			buildConfigurationList = 21E858381D19ABC700EEAABF /* Build configuration list for PBXNativeTarget "ParseChat" */;
			buildPhases = (
				21E8580C1D19ABC700EEAABF /* Sources */,
				21E8580D1D19ABC700EEAABF /* Frameworks */,
				21E8580E1D19ABC700EEAABF /* Resources */,
			);
			buildRules = (
			);
			dependencies = (
			);
			name = ParseChat;
			productName = ParseChat;
			productReference = 21E858101D19ABC700EEAABF /* ParseChat.app */;
			productType = "com.apple.product-type.application";
		};
		21E858231D19ABC700EEAABF /* ParseChatTests */ = {
			isa = PBXNativeTarget;
			buildConfigurationList = 21E8583B1D19ABC700EEAABF /* Build configuration list for PBXNativeTarget "ParseChatTests" */;
			buildPhases = (
				21E858201D19ABC700EEAABF /* Sources */,
				21E858211D19ABC700EEAABF /* Frameworks */,
				21E858221D19ABC700EEAABF /* Resources */,
			);
			buildRules = (
			);
			dependencies = (
				21E858261D19ABC700EEAABF /* PBXTargetDependency */,
			);
			name = ParseChatTests;
			productName = ParseChatTests;
			productReference = 21E858241D19ABC700EEAABF /* ParseChatTests.xctest */;
			productType = "com.apple.product-type.bundle.unit-test";
		};
		21E8582E1D19ABC700EEAABF /* ParseChatUITests */ = {
			isa = PBXNativeTarget;
			buildConfigurationList = 21E8583E1D19ABC700EEAABF /* Build configuration list for PBXNativeTarget "ParseChatUITests" */;
			buildPhases = (
				21E8582B1D19ABC700EEAABF /* Sources */,
				21E8582C1D19ABC700EEAABF /* Frameworks */,
				21E8582D1D19ABC700EEAABF /* Resources */,
			);
			buildRules = (
			);
			dependencies = (
				21E858311D19ABC700EEAABF /* PBXTargetDependency */,
			);
			name = ParseChatUITests;
			productName = ParseChatUITests;
			productReference = 21E8582F1D19ABC700EEAABF /* ParseChatUITests.xctest */;
			productType = "com.apple.product-type.bundle.ui-testing";
		};
/* End PBXNativeTarget section */

/* Begin PBXProject section */
		21E858081D19ABC700EEAABF /* Project object */ = {
			isa = PBXProject;
			attributes = {
				LastSwiftUpdateCheck = 0730;
				LastUpgradeCheck = 0730;
				ORGANIZATIONNAME = "Meena Sengottuvelu";
				TargetAttributes = {
					21E8580F1D19ABC700EEAABF = {
						CreatedOnToolsVersion = 7.3.1;
					};
					21E858231D19ABC700EEAABF = {
						CreatedOnToolsVersion = 7.3.1;
						TestTargetID = 21E8580F1D19ABC700EEAABF;
					};
					21E8582E1D19ABC700EEAABF = {
						CreatedOnToolsVersion = 7.3.1;
						TestTargetID = 21E8580F1D19ABC700EEAABF;
					};
				};
			};
			buildConfigurationList = 21E8580B1D19ABC700EEAABF /* Build configuration list for PBXProject "ParseChat" */;
			compatibilityVersion = "Xcode 3.2";
			developmentRegion = English;
			hasScannedForEncodings = 0;
			knownRegions = (
				en,
				Base,
			);
			mainGroup = 21E858071D19ABC700EEAABF;
			productRefGroup = 21E858111D19ABC700EEAABF /* Products */;
			projectDirPath = "";
			projectRoot = "";
			targets = (
				21E8580F1D19ABC700EEAABF /* ParseChat */,
				21E858231D19ABC700EEAABF /* ParseChatTests */,
				21E8582E1D19ABC700EEAABF /* ParseChatUITests */,
			);
		};
/* End PBXProject section */

/* Begin PBXResourcesBuildPhase section */
		21E8580E1D19ABC700EEAABF /* Resources */ = {
			isa = PBXResourcesBuildPhase;
			buildActionMask = 2147483647;
			files = (
				21E8581E1D19ABC700EEAABF /* LaunchScreen.storyboard in Resources */,
				21E8581B1D19ABC700EEAABF /* Assets.xcassets in Resources */,
				21E858191D19ABC700EEAABF /* Main.storyboard in Resources */,
			);
			runOnlyForDeploymentPostprocessing = 0;
		};
		21E858221D19ABC700EEAABF /* Resources */ = {
			isa = PBXResourcesBuildPhase;
			buildActionMask = 2147483647;
			files = (
			);
			runOnlyForDeploymentPostprocessing = 0;
		};
		21E8582D1D19ABC700EEAABF /* Resources */ = {
			isa = PBXResourcesBuildPhase;
			buildActionMask = 2147483647;
			files = (
			);
			runOnlyForDeploymentPostprocessing = 0;
		};
/* End PBXResourcesBuildPhase section */

/* Begin PBXSourcesBuildPhase section */
		21E8580C1D19ABC700EEAABF /* Sources */ = {
			isa = PBXSourcesBuildPhase;
			buildActionMask = 2147483647;
			files = (
				21E858161D19ABC700EEAABF /* ViewController.swift in Sources */,
				21E858141D19ABC700EEAABF /* AppDelegate.swift in Sources */,
			);
			runOnlyForDeploymentPostprocessing = 0;
		};
		21E858201D19ABC700EEAABF /* Sources */ = {
			isa = PBXSourcesBuildPhase;
			buildActionMask = 2147483647;
			files = (
				21E858291D19ABC700EEAABF /* ParseChatTests.swift in Sources */,
			);
			runOnlyForDeploymentPostprocessing = 0;
		};
		21E8582B1D19ABC700EEAABF /* Sources */ = {
			isa = PBXSourcesBuildPhase;
			buildActionMask = 2147483647;
			files = (
				21E858341D19ABC700EEAABF /* ParseChatUITests.swift in Sources */,
			);
			runOnlyForDeploymentPostprocessing = 0;
		};
/* End PBXSourcesBuildPhase section */

/* Begin PBXTargetDependency section */
		21E858261D19ABC700EEAABF /* PBXTargetDependency */ = {
			isa = PBXTargetDependency;
			target = 21E8580F1D19ABC700EEAABF /* ParseChat */;
			targetProxy = 21E858251D19ABC700EEAABF /* PBXContainerItemProxy */;
		};
		21E858311D19ABC700EEAABF /* PBXTargetDependency */ = {
			isa = PBXTargetDependency;
			target = 21E8580F1D19ABC700EEAABF /* ParseChat */;
			targetProxy = 21E858301D19ABC700EEAABF /* PBXContainerItemProxy */;
		};
/* End PBXTargetDependency section */

/* Begin PBXVariantGroup section */
		21E858171D19ABC700EEAABF /* Main.storyboard */ = {
			isa = PBXVariantGroup;
			children = (
				21E858181D19ABC700EEAABF /* Base */,
			);
			name = Main.storyboard;
			sourceTree = "<group>";
		};
		21E8581C1D19ABC700EEAABF /* LaunchScreen.storyboard */ = {
			isa = PBXVariantGroup;
			children = (
				21E8581D1D19ABC700EEAABF /* Base */,
			);
			name = LaunchScreen.storyboard;
			sourceTree = "<group>";
		};
/* End PBXVariantGroup section */

/* Begin XCBuildConfiguration section */
		21E858361D19ABC700EEAABF /* Debug */ = {
			isa = XCBuildConfiguration;
			buildSettings = {
				ALWAYS_SEARCH_USER_PATHS = NO;
				CLANG_ANALYZER_NONNULL = YES;
				CLANG_CXX_LANGUAGE_STANDARD = "gnu++0x";
				CLANG_CXX_LIBRARY = "libc++";
				CLANG_ENABLE_MODULES = YES;
				CLANG_ENABLE_OBJC_ARC = YES;
				CLANG_WARN_BOOL_CONVERSION = YES;
				CLANG_WARN_CONSTANT_CONVERSION = YES;
				CLANG_WARN_DIRECT_OBJC_ISA_USAGE = YES_ERROR;
				CLANG_WARN_EMPTY_BODY = YES;
				CLANG_WARN_ENUM_CONVERSION = YES;
				CLANG_WARN_INT_CONVERSION = YES;
				CLANG_WARN_OBJC_ROOT_CLASS = YES_ERROR;
				CLANG_WARN_UNREACHABLE_CODE = YES;
				CLANG_WARN__DUPLICATE_METHOD_MATCH = YES;
				"CODE_SIGN_IDENTITY[sdk=iphoneos*]" = "iPhone Developer";
				COPY_PHASE_STRIP = NO;
				DEBUG_INFORMATION_FORMAT = dwarf;
				ENABLE_STRICT_OBJC_MSGSEND = YES;
				ENABLE_TESTABILITY = YES;
				GCC_C_LANGUAGE_STANDARD = gnu99;
				GCC_DYNAMIC_NO_PIC = NO;
				GCC_NO_COMMON_BLOCKS = YES;
				GCC_OPTIMIZATION_LEVEL = 0;
				GCC_PREPROCESSOR_DEFINITIONS = (
					"DEBUG=1",
					"$(inherited)",
				);
				GCC_WARN_64_TO_32_BIT_CONVERSION = YES;
				GCC_WARN_ABOUT_RETURN_TYPE = YES_ERROR;
				GCC_WARN_UNDECLARED_SELECTOR = YES;
				GCC_WARN_UNINITIALIZED_AUTOS = YES_AGGRESSIVE;
				GCC_WARN_UNUSED_FUNCTION = YES;
				GCC_WARN_UNUSED_VARIABLE = YES;
				IPHONEOS_DEPLOYMENT_TARGET = 9.3;
				MTL_ENABLE_DEBUG_INFO = YES;
				ONLY_ACTIVE_ARCH = YES;
				SDKROOT = iphoneos;
				SWIFT_OPTIMIZATION_LEVEL = "-Onone";
			};
			name = Debug;
		};
		21E858371D19ABC700EEAABF /* Release */ = {
			isa = XCBuildConfiguration;
			buildSettings = {
				ALWAYS_SEARCH_USER_PATHS = NO;
				CLANG_ANALYZER_NONNULL = YES;
				CLANG_CXX_LANGUAGE_STANDARD = "gnu++0x";
				CLANG_CXX_LIBRARY = "libc++";
				CLANG_ENABLE_MODULES = YES;
				CLANG_ENABLE_OBJC_ARC = YES;
				CLANG_WARN_BOOL_CONVERSION = YES;
				CLANG_WARN_CONSTANT_CONVERSION = YES;
				CLANG_WARN_DIRECT_OBJC_ISA_USAGE = YES_ERROR;
				CLANG_WARN_EMPTY_BODY = YES;
				CLANG_WARN_ENUM_CONVERSION = YES;
				CLANG_WARN_INT_CONVERSION = YES;
				CLANG_WARN_OBJC_ROOT_CLASS = YES_ERROR;
				CLANG_WARN_UNREACHABLE_CODE = YES;
				CLANG_WARN__DUPLICATE_METHOD_MATCH = YES;
				"CODE_SIGN_IDENTITY[sdk=iphoneos*]" = "iPhone Developer";
				COPY_PHASE_STRIP = NO;
				DEBUG_INFORMATION_FORMAT = "dwarf-with-dsym";
				ENABLE_NS_ASSERTIONS = NO;
				ENABLE_STRICT_OBJC_MSGSEND = YES;
				GCC_C_LANGUAGE_STANDARD = gnu99;
				GCC_NO_COMMON_BLOCKS = YES;
				GCC_WARN_64_TO_32_BIT_CONVERSION = YES;
				GCC_WARN_ABOUT_RETURN_TYPE = YES_ERROR;
				GCC_WARN_UNDECLARED_SELECTOR = YES;
				GCC_WARN_UNINITIALIZED_AUTOS = YES_AGGRESSIVE;
				GCC_WARN_UNUSED_FUNCTION = YES;
				GCC_WARN_UNUSED_VARIABLE = YES;
				IPHONEOS_DEPLOYMENT_TARGET = 9.3;
				MTL_ENABLE_DEBUG_INFO = NO;
				SDKROOT = iphoneos;
				VALIDATE_PRODUCT = YES;
			};
			name = Release;
		};
		21E858391D19ABC700EEAABF /* Debug */ = {
			isa = XCBuildConfiguration;
			buildSettings = {
				ASSETCATALOG_COMPILER_APPICON_NAME = AppIcon;
				INFOPLIST_FILE = ParseChat/Info.plist;
				LD_RUNPATH_SEARCH_PATHS = "$(inherited) @executable_path/Frameworks";
				PRODUCT_BUNDLE_IDENTIFIER = com.weekTwo.ParseChat;
				PRODUCT_NAME = "$(TARGET_NAME)";
			};
			name = Debug;
		};
		21E8583A1D19ABC700EEAABF /* Release */ = {
			isa = XCBuildConfiguration;
			buildSettings = {
				ASSETCATALOG_COMPILER_APPICON_NAME = AppIcon;
				INFOPLIST_FILE = ParseChat/Info.plist;
				LD_RUNPATH_SEARCH_PATHS = "$(inherited) @executable_path/Frameworks";
				PRODUCT_BUNDLE_IDENTIFIER = com.weekTwo.ParseChat;
				PRODUCT_NAME = "$(TARGET_NAME)";
			};
			name = Release;
		};
		21E8583C1D19ABC700EEAABF /* Debug */ = {
			isa = XCBuildConfiguration;
			buildSettings = {
				BUNDLE_LOADER = "$(TEST_HOST)";
				INFOPLIST_FILE = ParseChatTests/Info.plist;
				LD_RUNPATH_SEARCH_PATHS = "$(inherited) @executable_path/Frameworks @loader_path/Frameworks";
				PRODUCT_BUNDLE_IDENTIFIER = com.weekTwo.ParseChatTests;
				PRODUCT_NAME = "$(TARGET_NAME)";
				TEST_HOST = "$(BUILT_PRODUCTS_DIR)/ParseChat.app/ParseChat";
			};
			name = Debug;
		};
		21E8583D1D19ABC700EEAABF /* Release */ = {
			isa = XCBuildConfiguration;
			buildSettings = {
				BUNDLE_LOADER = "$(TEST_HOST)";
				INFOPLIST_FILE = ParseChatTests/Info.plist;
				LD_RUNPATH_SEARCH_PATHS = "$(inherited) @executable_path/Frameworks @loader_path/Frameworks";
				PRODUCT_BUNDLE_IDENTIFIER = com.weekTwo.ParseChatTests;
				PRODUCT_NAME = "$(TARGET_NAME)";
				TEST_HOST = "$(BUILT_PRODUCTS_DIR)/ParseChat.app/ParseChat";
			};
			name = Release;
		};
		21E8583F1D19ABC700EEAABF /* Debug */ = {
			isa = XCBuildConfiguration;
			buildSettings = {
				INFOPLIST_FILE = ParseChatUITests/Info.plist;
				LD_RUNPATH_SEARCH_PATHS = "$(inherited) @executable_path/Frameworks @loader_path/Frameworks";
				PRODUCT_BUNDLE_IDENTIFIER = com.weekTwo.ParseChatUITests;
				PRODUCT_NAME = "$(TARGET_NAME)";
				TEST_TARGET_NAME = ParseChat;
			};
			name = Debug;
		};
		21E858401D19ABC700EEAABF /* Release */ = {
			isa = XCBuildConfiguration;
			buildSettings = {
				INFOPLIST_FILE = ParseChatUITests/Info.plist;
				LD_RUNPATH_SEARCH_PATHS = "$(inherited) @executable_path/Frameworks @loader_path/Frameworks";
				PRODUCT_BUNDLE_IDENTIFIER = com.weekTwo.ParseChatUITests;
				PRODUCT_NAME = "$(TARGET_NAME)";
				TEST_TARGET_NAME = ParseChat;
			};
			name = Release;
		};
/* End XCBuildConfiguration section */

/* Begin XCConfigurationList section */
		21E8580B1D19ABC700EEAABF /* Build configuration list for PBXProject "ParseChat" */ = {
			isa = XCConfigurationList;
			buildConfigurations = (
				21E858361D19ABC700EEAABF /* Debug */,
				21E858371D19ABC700EEAABF /* Release */,
			);
			defaultConfigurationIsVisible = 0;
			defaultConfigurationName = Release;
		};
		21E858381D19ABC700EEAABF /* Build configuration list for PBXNativeTarget "ParseChat" */ = {
			isa = XCConfigurationList;
			buildConfigurations = (
				21E858391D19ABC700EEAABF /* Debug */,
				21E8583A1D19ABC700EEAABF /* Release */,
			);
			defaultConfigurationIsVisible = 0;
		};
		21E8583B1D19ABC700EEAABF /* Build configuration list for PBXNativeTarget "ParseChatTests" */ = {
			isa = XCConfigurationList;
			buildConfigurations = (
				21E8583C1D19ABC700EEAABF /* Debug */,
				21E8583D1D19ABC700EEAABF /* Release */,
			);
			defaultConfigurationIsVisible = 0;
		};
		21E8583E1D19ABC700EEAABF /* Build configuration list for PBXNativeTarget "ParseChatUITests" */ = {
			isa = XCConfigurationList;
			buildConfigurations = (
				21E8583F1D19ABC700EEAABF /* Debug */,
				21E858401D19ABC700EEAABF /* Release */,
			);
			defaultConfigurationIsVisible = 0;
		};
/* End XCConfigurationList section */
	};
	rootObject = 21E858081D19ABC700EEAABF /* Project object */;
}
